
Microsoft Visual Studio Solution File, Format Version 12.00
# Visual Studio 14
VisualStudioVersion = 14.0.25420.1
MinimumVisualStudioVersion = 10.0.40219.1
Project("{FAE04EC0-301F-11D3-BF4B-00C04F79EFBC}") = "VoicerContextMonitor", "VoicerContextMonitor\VoicerContextMonitor.csproj", "{97358896-FB43-48B9-BED7-0576C76907B3}"
EndProject
Project("{FAE04EC0-301F-11D3-BF4B-00C04F79EFBC}") = "ContextMonitorTester", "ContextMonitorTester\ContextMonitorTester.csproj", "{19A3049C-AAEA-411E-92AC-7D1C16859341}"
EndProject
Global
	GlobalSection(SolutionConfigurationPlatforms) = preSolution
		Debug|Any CPU = Debug|Any CPU
		Release|Any CPU = Release|Any CPU
	EndGlobalSection
	GlobalSection(ProjectConfigurationPlatforms) = postSolution
		{97358896-FB43-48B9-BED7-0576C76907B3}.Debug|Any CPU.ActiveCfg = Debug|Any CPU
		{97358896-FB43-48B9-BED7-0576C76907B3}.Debug|Any CPU.Build.0 = Debug|Any CPU
		{97358896-FB43-48B9-BED7-0576C76907B3}.Release|Any CPU.ActiveCfg = Release|Any CPU
		{97358896-FB43-48B9-BED7-0576C76907B3}.Release|Any CPU.Build.0 = Release|Any CPU
		{19A3049C-AAEA-411E-92AC-7D1C16859341}.Debug|Any CPU.ActiveCfg = Debug|Any CPU
		{19A3049C-AAEA-411E-92AC-7D1C16859341}.Debug|Any CPU.Build.0 = Debug|Any CPU
		{19A3049C-AAEA-411E-92AC-7D1C16859341}.Release|Any CPU.ActiveCfg = Release|Any CPU
		{19A3049C-AAEA-411E-92AC-7D1C16859341}.Release|Any CPU.Build.0 = Release|Any CPU
	EndGlobalSection
	GlobalSection(SolutionProperties) = preSolution
		HideSolutionNode = FALSE
	EndGlobalSection
EndGlobal
